
Microsoft Visual Studio Solution File, Format Version 12.00
# Visual Studio 15
VisualStudioVersion = 15.0.28307.329
MinimumVisualStudioVersion = 10.0.40219.1
Project("{E24C65DC-7377-472B-9ABA-BC803B73C61A}") = "HeliSound!_Website", "HeliSound!_Website\", "{52E45E0D-BA7A-4E0B-A195-3BF767AFDFBA}"
	ProjectSection(WebsiteProperties) = preProject
		TargetFrameworkMoniker = ".NETFramework,Version%3Dv4.0"
		Debug.AspNetCompiler.VirtualPath = "/localhost_64885"
		Debug.AspNetCompiler.PhysicalPath = "HeliSound!_Website\"
		Debug.AspNetCompiler.TargetPath = "PrecompiledWeb\localhost_64885\"
		Debug.AspNetCompiler.Updateable = "true"
		Debug.AspNetCompiler.ForceOverwrite = "true"
		Debug.AspNetCompiler.FixedNames = "false"
		Debug.AspNetCompiler.Debug = "True"
		Release.AspNetCompiler.VirtualPath = "/localhost_64885"
		Release.AspNetCompiler.PhysicalPath = "HeliSound!_Website\"
		Release.AspNetCompiler.TargetPath = "PrecompiledWeb\localhost_64885\"
		Release.AspNetCompiler.Updateable = "true"
		Release.AspNetCompiler.ForceOverwrite = "true"
		Release.AspNetCompiler.FixedNames = "false"
		Release.AspNetCompiler.Debug = "False"
		VWDPort = "64885"
		SlnRelativePath = "HeliSound!_Website\"
		DefaultWebSiteLanguage = "Visual C#"
	EndProjectSection
EndProject
Global
	GlobalSection(SolutionConfigurationPlatforms) = preSolution
		Debug|Any CPU = Debug|Any CPU
		Release|Any CPU = Release|Any CPU
	EndGlobalSection
	GlobalSection(ProjectConfigurationPlatforms) = postSolution
		{52E45E0D-BA7A-4E0B-A195-3BF767AFDFBA}.Debug|Any CPU.ActiveCfg = Debug|Any CPU
		{52E45E0D-BA7A-4E0B-A195-3BF767AFDFBA}.Debug|Any CPU.Build.0 = Debug|Any CPU
		{52E45E0D-BA7A-4E0B-A195-3BF767AFDFBA}.Release|Any CPU.ActiveCfg = Debug|Any CPU
		{52E45E0D-BA7A-4E0B-A195-3BF767AFDFBA}.Release|Any CPU.Build.0 = Debug|Any CPU
	EndGlobalSection
	GlobalSection(SolutionProperties) = preSolution
		HideSolutionNode = FALSE
	EndGlobalSection
	GlobalSection(ExtensibilityGlobals) = postSolution
		SolutionGuid = {2155CDAB-39A2-4238-AB74-152BF35617C8}
	EndGlobalSection
EndGlobal
